<?xml version="1.0" encoding="utf-8"?>
<Project ToolsVersion="4.0" xmlns="http://schemas.microsoft.com/developer/msbuild/2003">
  <ItemGroup>
    <Filter Include="Source Files">
      <UniqueIdentifier>{4FC737F1-C7A5-4376-A066-2A32D752A2FF}</UniqueIdentifier>
      <Extensions>cpp;c;cc;cxx;c++;cppm;ixx;def;odl;idl;hpj;bat;asm;asmx</Extensions>
    </Filter>
    <Filter Include="Resource Files">
      <UniqueIdentifier>{67DA6AB6-F800-4c08-8B7A-83BB121AAD01}</UniqueIdentifier>
      <Extensions>rc;ico;cur;bmp;dlg;rc2;rct;bin;rgs;gif;jpg;jpeg;jpe;resx;tiff;tif;png;wav;mfcribbon-ms</Extensions>
    </Filter>
    <Filter Include="Test Files">
      <UniqueIdentifier>{8f93c6b0-1aee-48d4-a172-10c497fc7d7a}</UniqueIdentifier>
    </Filter>
    <Filter Include="Header Files">
      <UniqueIdentifier>{c63d5a8b-2585-495f-9659-c8bab9bdcd28}</UniqueIdentifier>
    </Filter>
  </ItemGroup>
  <ItemGroup>
    <None Include="resource\.geo files\a10a_4.geo">
      <Filter>Resource Files</Filter>
    </None>
    <None Include="resource\.geo files\szescian.geo">
      <Filter>Resource Files</Filter>
    </None>
    <None Include=".editorconfig" />
    <None Include="resource\geo\czworoscian.geo">
      <Filter>Resource Files</Filter>
    </None>
    <None Include="resource\geo\maly_szescian.geo">
      <Filter>Resource Files</Filter>
    </None>
    <None Include="resource\geo\ostroslup.geo">
      <Filter>Resource Files</Filter>
    </None>
    <None Include="resource\geo\prostopadloscian.geo">
      <Filter>Resource Files</Filter>
    </None>
    <None Include="resource\geo\prostopoadłoscian_lite.geo">
      <Filter>Resource Files</Filter>
    </None>
    <None Include="resource\geo\Dodecahedron.geo">
      <Filter>Resource Files</Filter>
    </None>
    <None Include="resource\geo\Icosahedron.geo">
      <Filter>Resource Files</Filter>
    </None>
    <None Include="resource\geo\Ostrosłup7.geo">
      <Filter>Resource Files</Filter>
    </None>
    <None Include="resource\geo\Tetrahedron.geo">
      <Filter>Resource Files</Filter>
    </None>
    <None Include="resource\trg\dwudziestoscian_new.trg">
      <Filter>Resource Files</Filter>
    </None>
    <None Include="resource\trg\dwunastoscian_new.trg">
      <Filter>Resource Files</Filter>
    </None>
    <None Include="resource\trg\graniastoslup_pochylony_new.trg">
      <Filter>Resource Files</Filter>
    </None>
    <None Include="resource\trg\ostroslup_nieforemny_new.trg">
      <Filter>Resource Files</Filter>
    </None>
    <None Include="resource\trg\szescian_new.trg">
      <Filter>Resource Files</Filter>
    </None>
  </ItemGroup>
  <ItemGroup>
    <ClCompile Include="source\App.cpp">
      <Filter>Source Files</Filter>
    </ClCompile>
    <ClCompile Include="source\ClosedPolygonalChains.cpp">
      <Filter>Source Files</Filter>
    </ClCompile>
    <ClCompile Include="source\doctest.cpp">
      <Filter>Source Files</Filter>
    </ClCompile>
    <ClCompile Include="source\main.cpp">
      <Filter>Source Files</Filter>
    </ClCompile>
    <ClCompile Include="source\MainFrame.cpp">
      <Filter>Source Files</Filter>
    </ClCompile>
    <ClCompile Include="source\Matrix4.cpp">
      <Filter>Source Files</Filter>
    </ClCompile>
    <ClCompile Include="source\Plane.cpp">
      <Filter>Source Files</Filter>
    </ClCompile>
    <ClCompile Include="source\Vector4.cpp">
      <Filter>Source Files</Filter>
    </ClCompile>
    <ClCompile Include="test\MainFrame-Test.cpp">
      <Filter>Test Files</Filter>
    </ClCompile>
    <ClCompile Include="test\Matrix4-Test.cpp">
      <Filter>Test Files</Filter>
    </ClCompile>
    <ClCompile Include="test\Plane-Test.cpp">
      <Filter>Test Files</Filter>
    </ClCompile>
    <ClCompile Include="test\stout-Test.cpp">
      <Filter>Test Files</Filter>
    </ClCompile>
    <ClCompile Include="test\Vector4-Test.cpp">
      <Filter>Test Files</Filter>
    </ClCompile>
  </ItemGroup>
  <ItemGroup>
    <ClInclude Include="test\doctest.h">
      <Filter>Test Files</Filter>
    </ClInclude>
    <ClInclude Include="include\App.h">
      <Filter>Header Files</Filter>
    </ClInclude>
    <ClInclude Include="include\ClosedPolygonalChains.h">
      <Filter>Header Files</Filter>
    </ClInclude>
    <ClInclude Include="include\DataClasses.h">
      <Filter>Header Files</Filter>
    </ClInclude>
    <ClInclude Include="include\Edge.h">
      <Filter>Header Files</Filter>
    </ClInclude>
    <ClInclude Include="include\MainFrame.h">
      <Filter>Header Files</Filter>
    </ClInclude>
    <ClInclude Include="include\Matrix4.h">
      <Filter>Header Files</Filter>
    </ClInclude>
    <ClInclude Include="include\MeshEdge.h">
      <Filter>Header Files</Filter>
    </ClInclude>
    <ClInclude Include="include\OriginalEdge.h">
      <Filter>Header Files</Filter>
    </ClInclude>
    <ClInclude Include="include\Plane.h">
      <Filter>Header Files</Filter>
    </ClInclude>
    <ClInclude Include="include\stout.h">
      <Filter>Header Files</Filter>
    </ClInclude>
    <ClInclude Include="include\Vector4.h">
      <Filter>Header Files</Filter>
    </ClInclude>
    <ClInclude Include="include\Triangle.h">
      <Filter>Header Files</Filter>
    </ClInclude>
    <ClInclude Include="include\Ray.h">
      <Filter>Header Files</Filter>
    </ClInclude>
    <ClInclude Include="include\Intersections.h">
      <Filter>Header Files</Filter>
    </ClInclude>
    <ClInclude Include="include\VectorOperations.h">
      <Filter>Header Files</Filter>
    </ClInclude>
  </ItemGroup>
</Project>